
Microsoft Visual Studio Solution File, Format Version 12.00
# Visual Studio Version 17
VisualStudioVersion = 17.6.33815.320
MinimumVisualStudioVersion = 10.0.40219.1
Project("{FAE04EC0-301F-11D3-BF4B-00C04F79EFBC}") = "ReverseNumber", "ReverseNumber\ReverseNumber.csproj", "{64D77CEB-734A-4EB4-8380-42BFE949B733}"
EndProject
Global
	GlobalSection(SolutionConfigurationPlatforms) = preSolution
		Debug|Any CPU = Debug|Any CPU
		Release|Any CPU = Release|Any CPU
	EndGlobalSection
	GlobalSection(ProjectConfigurationPlatforms) = postSolution
		{64D77CEB-734A-4EB4-8380-42BFE949B733}.Debug|Any CPU.ActiveCfg = Debug|Any CPU
		{64D77CEB-734A-4EB4-8380-42BFE949B733}.Debug|Any CPU.Build.0 = Debug|Any CPU
		{64D77CEB-734A-4EB4-8380-42BFE949B733}.Release|Any CPU.ActiveCfg = Release|Any CPU
		{64D77CEB-734A-4EB4-8380-42BFE949B733}.Release|Any CPU.Build.0 = Release|Any CPU
	EndGlobalSection
	GlobalSection(SolutionProperties) = preSolution
		HideSolutionNode = FALSE
	EndGlobalSection
	GlobalSection(ExtensibilityGlobals) = postSolution
		SolutionGuid = {2C51D347-C912-4FA0-89B2-D727A65BF531}
	EndGlobalSection
EndGlobal
